
Microsoft Visual Studio Solution File, Format Version 12.00
# Visual Studio Version 17
VisualStudioVersion = 17.14.37301.10
MinimumVisualStudioVersion = 10.0.40219.1
Project("{2150E333-8FDC-42A3-9474-1A3956D46DE8}") = "Bootstrapper", "Bootstrapper", "{02EA681E-C7D8-13C7-8484-4AC65E1B71E8}"
EndProject
Project("{2150E333-8FDC-42A3-9474-1A3956D46DE8}") = "Modules", "Modules", "{0E7463A0-09C2-45FA-94AF-25824E2AD0FA}"
EndProject
Project("{2150E333-8FDC-42A3-9474-1A3956D46DE8}") = "Shared", "Shared", "{43174C33-BD86-43F2-8BCF-6E2D4D2685EE}"
EndProject
Project("{FAE04EC0-301F-11D3-BF4B-00C04F79EFBC}") = "Api", "Bootstrapper\Api\Api.csproj", "{1BF5B07D-9F0B-455B-91E3-EDE90BB667EF}"
EndProject
Project("{2150E333-8FDC-42A3-9474-1A3956D46DE8}") = "Catalog", "Catalog", "{89089006-D2E9-4D47-99B0-7D953B28AB50}"
EndProject
Project("{2150E333-8FDC-42A3-9474-1A3956D46DE8}") = "Ordering", "Ordering", "{A9011C91-66C1-43C6-B9D6-7DD0C6AEC1E5}"
EndProject
Project("{2150E333-8FDC-42A3-9474-1A3956D46DE8}") = "Basket", "Basket", "{4208A493-1A66-4604-847F-3D4419256282}"
EndProject
Project("{FAE04EC0-301F-11D3-BF4B-00C04F79EFBC}") = "Catalog", "Modules\Catalog\Catalog\Catalog.csproj", "{34094624-194A-4DAE-967F-2C57A2504E09}"
EndProject
Project("{FAE04EC0-301F-11D3-BF4B-00C04F79EFBC}") = "Basket", "Modules\Basket\Basket\Basket.csproj", "{70E4FC58-10A3-4CB3-9CE0-B91BF839A992}"
EndProject
Project("{FAE04EC0-301F-11D3-BF4B-00C04F79EFBC}") = "Ordering", "Modules\Ordering\Ordering\Ordering.csproj", "{67FFFE2C-C00C-4A18-8E08-F4E05B9B8671}"
EndProject
Project("{FAE04EC0-301F-11D3-BF4B-00C04F79EFBC}") = "Shared", "Shared\Shared\Shared.csproj", "{96F9EB1F-48EE-4976-B608-0B3137EAFDFF}"
EndProject
Global
	GlobalSection(SolutionConfigurationPlatforms) = preSolution
		Debug|Any CPU = Debug|Any CPU
		Release|Any CPU = Release|Any CPU
	EndGlobalSection
	GlobalSection(ProjectConfigurationPlatforms) = postSolution
		{1BF5B07D-9F0B-455B-91E3-EDE90BB667EF}.Debug|Any CPU.ActiveCfg = Debug|Any CPU
		{1BF5B07D-9F0B-455B-91E3-EDE90BB667EF}.Debug|Any CPU.Build.0 = Debug|Any CPU
		{1BF5B07D-9F0B-455B-91E3-EDE90BB667EF}.Release|Any CPU.ActiveCfg = Release|Any CPU
		{1BF5B07D-9F0B-455B-91E3-EDE90BB667EF}.Release|Any CPU.Build.0 = Release|Any CPU
		{34094624-194A-4DAE-967F-2C57A2504E09}.Debug|Any CPU.ActiveCfg = Debug|Any CPU
		{34094624-194A-4DAE-967F-2C57A2504E09}.Debug|Any CPU.Build.0 = Debug|Any CPU
		{34094624-194A-4DAE-967F-2C57A2504E09}.Release|Any CPU.ActiveCfg = Release|Any CPU
		{34094624-194A-4DAE-967F-2C57A2504E09}.Release|Any CPU.Build.0 = Release|Any CPU
		{70E4FC58-10A3-4CB3-9CE0-B91BF839A992}.Debug|Any CPU.ActiveCfg = Debug|Any CPU
		{70E4FC58-10A3-4CB3-9CE0-B91BF839A992}.Debug|Any CPU.Build.0 = Debug|Any CPU
		{70E4FC58-10A3-4CB3-9CE0-B91BF839A992}.Release|Any CPU.ActiveCfg = Release|Any CPU
		{70E4FC58-10A3-4CB3-9CE0-B91BF839A992}.Release|Any CPU.Build.0 = Release|Any CPU
		{67FFFE2C-C00C-4A18-8E08-F4E05B9B8671}.Debug|Any CPU.ActiveCfg = Debug|Any CPU
		{67FFFE2C-C00C-4A18-8E08-F4E05B9B8671}.Debug|Any CPU.Build.0 = Debug|Any CPU
		{67FFFE2C-C00C-4A18-8E08-F4E05B9B8671}.Release|Any CPU.ActiveCfg = Release|Any CPU
		{67FFFE2C-C00C-4A18-8E08-F4E05B9B8671}.Release|Any CPU.Build.0 = Release|Any CPU
		{96F9EB1F-48EE-4976-B608-0B3137EAFDFF}.Debug|Any CPU.ActiveCfg = Debug|Any CPU
		{96F9EB1F-48EE-4976-B608-0B3137EAFDFF}.Debug|Any CPU.Build.0 = Debug|Any CPU
		{96F9EB1F-48EE-4976-B608-0B3137EAFDFF}.Release|Any CPU.ActiveCfg = Release|Any CPU
		{96F9EB1F-48EE-4976-B608-0B3137EAFDFF}.Release|Any CPU.Build.0 = Release|Any CPU
	EndGlobalSection
	GlobalSection(SolutionProperties) = preSolution
		HideSolutionNode = FALSE
	EndGlobalSection
	GlobalSection(NestedProjects) = preSolution
		{1BF5B07D-9F0B-455B-91E3-EDE90BB667EF} = {02EA681E-C7D8-13C7-8484-4AC65E1B71E8}
		{89089006-D2E9-4D47-99B0-7D953B28AB50} = {0E7463A0-09C2-45FA-94AF-25824E2AD0FA}
		{A9011C91-66C1-43C6-B9D6-7DD0C6AEC1E5} = {0E7463A0-09C2-45FA-94AF-25824E2AD0FA}
		{4208A493-1A66-4604-847F-3D4419256282} = {0E7463A0-09C2-45FA-94AF-25824E2AD0FA}
		{34094624-194A-4DAE-967F-2C57A2504E09} = {89089006-D2E9-4D47-99B0-7D953B28AB50}
		{70E4FC58-10A3-4CB3-9CE0-B91BF839A992} = {4208A493-1A66-4604-847F-3D4419256282}
		{67FFFE2C-C00C-4A18-8E08-F4E05B9B8671} = {A9011C91-66C1-43C6-B9D6-7DD0C6AEC1E5}
		{96F9EB1F-48EE-4976-B608-0B3137EAFDFF} = {43174C33-BD86-43F2-8BCF-6E2D4D2685EE}
	EndGlobalSection
	GlobalSection(ExtensibilityGlobals) = postSolution
		SolutionGuid = {2F659CEE-9227-4543-AB4B-D532E7AA8DAA}
	EndGlobalSection
EndGlobal
